<?xml version="1.0" encoding="utf-8"?>
<Project ToolsVersion="4.0" xmlns="http://schemas.microsoft.com/developer/msbuild/2003">
  <ItemGroup>
    <Filter Include="Source Files">
      <UniqueIdentifier>{4FC737F1-C7A5-4376-A066-2A32D752A2FF}</UniqueIdentifier>
      <Extensions>cpp;c;cc;cxx;def;odl;idl;hpj;bat;asm;asmx</Extensions>
    </Filter>
    <Filter Include="Header Files">
      <UniqueIdentifier>{93995380-89BD-4b04-88EB-625FBE52EBFB}</UniqueIdentifier>
      <Extensions>h;hh;hpp;hxx;hm;inl;inc;xsd</Extensions>
    </Filter>
    <Filter Include="Resource Files">
      <UniqueIdentifier>{67DA6AB6-F800-4c08-8B7A-83BB121AAD01}</UniqueIdentifier>
      <Extensions>rc;ico;cur;bmp;dlg;rc2;rct;bin;rgs;gif;jpg;jpeg;jpe;resx;tiff;tif;png;wav;mfcribbon-ms</Extensions>
    </Filter>
    <Filter Include="Shaders">
      <UniqueIdentifier>{5f37ec8c-c624-4f3d-8d2e-1571a1df475b}</UniqueIdentifier>
    </Filter>
  </ItemGroup>
  <ItemGroup>
    <ClCompile Include="Main.cpp">
      <Filter>Source Files</Filter>
    </ClCompile>
    <ClCompile Include="Files\imgui\imgui.cpp">
      <Filter>Source Files</Filter>
    </ClCompile>
    <ClCompile Include="Files\imgui\imgui_demo.cpp">
      <Filter>Source Files</Filter>
    </ClCompile>
    <ClCompile Include="Files\imgui\imgui_draw.cpp">
      <Filter>Source Files</Filter>
    </ClCompile>
    <ClCompile Include="Files\Object.cpp">
      <Filter>Source Files</Filter>
    </ClCompile>
    <ClCompile Include="Files\WorldCamera.cpp">
      <Filter>Source Files</Filter>
    </ClCompile>
    <ClCompile Include="Files\WorldMain.cpp">
      <Filter>Source Files</Filter>
    </ClCompile>
    <ClCompile Include="Files\DirectX\DXCore.cpp">
      <Filter>Source Files</Filter>
    </ClCompile>
    <ClCompile Include="Files\DirectX\KContext.cpp">
      <Filter>Source Files</Filter>
    </ClCompile>
    <ClCompile Include="Files\Graphic\cpp\RenderTexture.cpp">
      <Filter>Source Files</Filter>
    </ClCompile>
    <ClCompile Include="Files\Graphic\cpp\SimpleShader.cpp">
      <Filter>Source Files</Filter>
    </ClCompile>
    <ClCompile Include="Files\Graphic\cpp\GraphicMain.cpp">
      <Filter>Source Files</Filter>
    </ClCompile>
    <ClCompile Include="Files\imgui\cpp\Context_imgui.cpp">
      <Filter>Source Files</Filter>
    </ClCompile>
    <ClCompile Include="Files\imgui\cpp\KContext_imgui.cpp">
      <Filter>Source Files</Filter>
    </ClCompile>
    <ClCompile Include="Files\imgui\cpp\UIMain_imgui.cpp">
      <Filter>Source Files</Filter>
    </ClCompile>
    <ClCompile Include="Files\imgui\cpp\dx11_imgui.cpp">
      <Filter>Source Files</Filter>
    </ClCompile>
    <ClCompile Include="Files\Graphic\cpp\Scene Graphic.cpp">
      <Filter>Source Files</Filter>
    </ClCompile>
    <ClCompile Include="Files\Graphic\cpp\Object Graphic.cpp">
      <Filter>Source Files</Filter>
    </ClCompile>
    <ClCompile Include="Files\Graphic\cpp\Camera Graphic.cpp">
      <Filter>Source Files</Filter>
    </ClCompile>
    <ClCompile Include="Files\Vertex.cpp">
      <Filter>Source Files</Filter>
    </ClCompile>
    <ClCompile Include="Files\Graphic\cpp\DepthTexture.cpp">
      <Filter>Source Files</Filter>
    </ClCompile>
    <ClCompile Include="Files\Graphic\cpp\Mesh.cpp">
      <Filter>Source Files</Filter>
    </ClCompile>
    <ClCompile Include="Files\Graphic\cpp\Asset.cpp">
      <Filter>Source Files</Filter>
    </ClCompile>
    <ClCompile Include="Files\Graphic\Light.cpp">
      <Filter>Source Files</Filter>
    </ClCompile>
    <ClCompile Include="Files\Game\cpp\Entity Game.cpp">
      <Filter>Source Files</Filter>
    </ClCompile>
    <ClCompile Include="Files\Game\cpp\ContextExamples Game.cpp">
      <Filter>Source Files</Filter>
    </ClCompile>
    <ClCompile Include="Files\Game\cpp\Script Game.cpp">
      <Filter>Source Files</Filter>
    </ClCompile>
    <ClCompile Include="Files\Game\cpp\Context Game.cpp">
      <Filter>Source Files</Filter>
    </ClCompile>
    <ClCompile Include="Files\Game\Script\Y_Axis_Rotate.cpp">
      <Filter>Source Files</Filter>
    </ClCompile>
    <ClCompile Include="Files\Game\Script\X_Axis_Rotate.cpp">
      <Filter>Source Files</Filter>
    </ClCompile>
  </ItemGroup>
  <ItemGroup>
    <FxCompile Include="PixelShader.hlsl">
      <Filter>Shaders</Filter>
    </FxCompile>
    <FxCompile Include="VertexShader.hlsl">
      <Filter>Shaders</Filter>
    </FxCompile>
    <FxCompile Include="Resource\New folder\default_frag.hlsl" />
  </ItemGroup>
  <ItemGroup>
    <ClInclude Include="Files\imgui\imconfig.h">
      <Filter>Header Files</Filter>
    </ClInclude>
    <ClInclude Include="Files\imgui\imgui.h">
      <Filter>Header Files</Filter>
    </ClInclude>
    <ClInclude Include="Files\imgui\imgui_internal.h">
      <Filter>Header Files</Filter>
    </ClInclude>
    <ClInclude Include="Files\imgui\stb_rect_pack.h">
      <Filter>Header Files</Filter>
    </ClInclude>
    <ClInclude Include="Files\imgui\stb_textedit.h">
      <Filter>Header Files</Filter>
    </ClInclude>
    <ClInclude Include="Files\imgui\stb_truetype.h">
      <Filter>Header Files</Filter>
    </ClInclude>
    <ClInclude Include="Files\Camera.h">
      <Filter>Header Files</Filter>
    </ClInclude>
    <ClInclude Include="Files\Material.h">
      <Filter>Header Files</Filter>
    </ClInclude>
    <ClInclude Include="Files\Object.h">
      <Filter>Header Files</Filter>
    </ClInclude>
    <ClInclude Include="Files\Vertex.h">
      <Filter>Header Files</Filter>
    </ClInclude>
    <ClInclude Include="Files\WorldMain.h">
      <Filter>Header Files</Filter>
    </ClInclude>
    <ClInclude Include="Files\DirectX\DXCore.h">
      <Filter>Header Files</Filter>
    </ClInclude>
    <ClInclude Include="Files\DirectX\KContext.h">
      <Filter>Header Files</Filter>
    </ClInclude>
    <ClInclude Include="Files\Graphic\Camera.h">
      <Filter>Header Files</Filter>
    </ClInclude>
    <ClInclude Include="Files\Graphic\GraphicMain.h">
      <Filter>Header Files</Filter>
    </ClInclude>
    <ClInclude Include="Files\Graphic\Object.h">
      <Filter>Header Files</Filter>
    </ClInclude>
    <ClInclude Include="Files\Graphic\Scene.h">
      <Filter>Header Files</Filter>
    </ClInclude>
    <ClInclude Include="Files\Graphic\Shader.h">
      <Filter>Header Files</Filter>
    </ClInclude>
    <ClInclude Include="Files\Graphic\SimpleShader.h">
      <Filter>Header Files</Filter>
    </ClInclude>
    <ClInclude Include="Files\DirectX\DirectXUtility.h">
      <Filter>Header Files</Filter>
    </ClInclude>
    <ClInclude Include="Files\imgui\DirectX\Context.h">
      <Filter>Header Files</Filter>
    </ClInclude>
    <ClInclude Include="Files\imgui\DirectX\imgui_impl_dx11.h">
      <Filter>Header Files</Filter>
    </ClInclude>
    <ClInclude Include="Files\imgui\DirectX\UIMain.h">
      <Filter>Header Files</Filter>
    </ClInclude>
    <ClInclude Include="Files\imgui\DirectX\KContext.h">
      <Filter>Header Files</Filter>
    </ClInclude>
    <ClInclude Include="Files\Graphic\RenderTexture.h">
      <Filter>Header Files</Filter>
    </ClInclude>
    <ClInclude Include="Files\Graphic\DepthTexture.h">
      <Filter>Header Files</Filter>
    </ClInclude>
    <ClInclude Include="Files\Graphic\Light.h">
      <Filter>Header Files</Filter>
    </ClInclude>
    <ClInclude Include="Files\Graphic\Asset\Asset.h">
      <Filter>Header Files</Filter>
    </ClInclude>
    <ClInclude Include="Files\Graphic\Asset\Mesh.h">
      <Filter>Header Files</Filter>
    </ClInclude>
    <ClInclude Include="Files\Graphic\Asset\Model.h">
      <Filter>Header Files</Filter>
    </ClInclude>
    <ClInclude Include="Files\Game\Entity.h">
      <Filter>Header Files</Filter>
    </ClInclude>
    <ClInclude Include="Files\Graphic\Enum.h">
      <Filter>Header Files</Filter>
    </ClInclude>
    <ClInclude Include="Files\Game\Context.h">
      <Filter>Header Files</Filter>
    </ClInclude>
    <ClInclude Include="Files\Game\ContextExamples.h">
      <Filter>Header Files</Filter>
    </ClInclude>
    <ClInclude Include="Files\Game\Script.h">
      <Filter>Header Files</Filter>
    </ClInclude>
    <ClInclude Include="Files\Game\Script\Y_Axis_Rotate.h">
      <Filter>Header Files</Filter>
    </ClInclude>
    <ClInclude Include="Files\Game\Script\X_Axis_Rotate.h">
      <Filter>Header Files</Filter>
    </ClInclude>
  </ItemGroup>
  <ItemGroup>
    <None Include="packages.config" />
  </ItemGroup>
</Project>